Microsoft Visual Studio Solution File, Format Version 12.00
# Visual Studio Version 17
VisualStudioVersion = 17.5.2.0
MinimumVisualStudioVersion = 10.0.40219.1
Project("{FAE04EC0-301F-11D3-BF4B-00C04F79EFBC}") = "GestioneBiblioteca", "GestioneBiblioteca\GestioneBiblioteca.csproj", "{14884D99-BA61-8142-6F57-8767FDAC879C}"
EndProject
Global
	GlobalSection(SolutionConfigurationPlatforms) = preSolution
		Debug|Any CPU = Debug|Any CPU
		Release|Any CPU = Release|Any CPU
	EndGlobalSection
	GlobalSection(ProjectConfigurationPlatforms) = postSolution
		{14884D99-BA61-8142-6F57-8767FDAC879C}.Debug|Any CPU.ActiveCfg = Debug|Any CPU
		{14884D99-BA61-8142-6F57-8767FDAC879C}.Debug|Any CPU.Build.0 = Debug|Any CPU
		{14884D99-BA61-8142-6F57-8767FDAC879C}.Release|Any CPU.ActiveCfg = Release|Any CPU
		{14884D99-BA61-8142-6F57-8767FDAC879C}.Release|Any CPU.Build.0 = Release|Any CPU
	EndGlobalSection
	GlobalSection(SolutionProperties) = preSolution
		HideSolutionNode = FALSE
	EndGlobalSection
	GlobalSection(ExtensibilityGlobals) = postSolution
		SolutionGuid = {175A7F55-A360-4121-AFD7-A267A8AB255B}
	EndGlobalSection
EndGlobal
